
Microsoft Visual Studio Solution File, Format Version 12.00
# Visual Studio Version 16
VisualStudioVersion = 16.0.30330.147
MinimumVisualStudioVersion = 10.0.40219.1
Project("{FAE04EC0-301F-11D3-BF4B-00C04F79EFBC}") = "NetworkProgramming", "NetworkProgramming\NetworkProgramming.csproj", "{A6BF2433-F96E-485C-8E87-C40DAA95A158}"
EndProject
Project("{FAE04EC0-301F-11D3-BF4B-00C04F79EFBC}") = "01_ServerTest", "01_ServerTest\01_ServerTest.csproj", "{A4F4F63C-42B3-4DC0-8928-D71831058220}"
EndProject
Project("{FAE04EC0-301F-11D3-BF4B-00C04F79EFBC}") = "01_ClientTest", "01_ClientTest\01_ClientTest.csproj", "{5D4735DF-75F6-45DD-BC09-4DC3FF55F43D}"
EndProject
Project("{2150E333-8FDC-42A3-9474-1A3956D46DE8}") = "AsyncSockets", "AsyncSockets", "{E037C025-EC0F-40E8-A1AC-8495A55ABB3C}"
EndProject
Project("{FAE04EC0-301F-11D3-BF4B-00C04F79EFBC}") = "02_AsyncServer", "02_AsyncServer\02_AsyncServer.csproj", "{2B7E645C-AB17-4611-8870-A4A342C74FB1}"
EndProject
Project("{FAE04EC0-301F-11D3-BF4B-00C04F79EFBC}") = "02_AsyncClient", "02_AsyncClient\02_AsyncClient.csproj", "{05B34007-679C-4421-B993-1C8ACC24F06E}"
EndProject
Project("{FAE04EC0-301F-11D3-BF4B-00C04F79EFBC}") = "Helper", "Helper\Helper.csproj", "{4388109A-2D11-4D3B-AEBA-CD9C4529EFE7}"
EndProject
Global
	GlobalSection(SolutionConfigurationPlatforms) = preSolution
		Debug|Any CPU = Debug|Any CPU
		Release|Any CPU = Release|Any CPU
	EndGlobalSection
	GlobalSection(ProjectConfigurationPlatforms) = postSolution
		{A6BF2433-F96E-485C-8E87-C40DAA95A158}.Debug|Any CPU.ActiveCfg = Debug|Any CPU
		{A6BF2433-F96E-485C-8E87-C40DAA95A158}.Debug|Any CPU.Build.0 = Debug|Any CPU
		{A6BF2433-F96E-485C-8E87-C40DAA95A158}.Release|Any CPU.ActiveCfg = Release|Any CPU
		{A6BF2433-F96E-485C-8E87-C40DAA95A158}.Release|Any CPU.Build.0 = Release|Any CPU
		{A4F4F63C-42B3-4DC0-8928-D71831058220}.Debug|Any CPU.ActiveCfg = Debug|Any CPU
		{A4F4F63C-42B3-4DC0-8928-D71831058220}.Debug|Any CPU.Build.0 = Debug|Any CPU
		{A4F4F63C-42B3-4DC0-8928-D71831058220}.Release|Any CPU.ActiveCfg = Release|Any CPU
		{A4F4F63C-42B3-4DC0-8928-D71831058220}.Release|Any CPU.Build.0 = Release|Any CPU
		{5D4735DF-75F6-45DD-BC09-4DC3FF55F43D}.Debug|Any CPU.ActiveCfg = Debug|Any CPU
		{5D4735DF-75F6-45DD-BC09-4DC3FF55F43D}.Debug|Any CPU.Build.0 = Debug|Any CPU
		{5D4735DF-75F6-45DD-BC09-4DC3FF55F43D}.Release|Any CPU.ActiveCfg = Release|Any CPU
		{5D4735DF-75F6-45DD-BC09-4DC3FF55F43D}.Release|Any CPU.Build.0 = Release|Any CPU
		{2B7E645C-AB17-4611-8870-A4A342C74FB1}.Debug|Any CPU.ActiveCfg = Debug|Any CPU
		{2B7E645C-AB17-4611-8870-A4A342C74FB1}.Debug|Any CPU.Build.0 = Debug|Any CPU
		{2B7E645C-AB17-4611-8870-A4A342C74FB1}.Release|Any CPU.ActiveCfg = Release|Any CPU
		{2B7E645C-AB17-4611-8870-A4A342C74FB1}.Release|Any CPU.Build.0 = Release|Any CPU
		{05B34007-679C-4421-B993-1C8ACC24F06E}.Debug|Any CPU.ActiveCfg = Debug|Any CPU
		{05B34007-679C-4421-B993-1C8ACC24F06E}.Debug|Any CPU.Build.0 = Debug|Any CPU
		{05B34007-679C-4421-B993-1C8ACC24F06E}.Release|Any CPU.ActiveCfg = Release|Any CPU
		{05B34007-679C-4421-B993-1C8ACC24F06E}.Release|Any CPU.Build.0 = Release|Any CPU
		{4388109A-2D11-4D3B-AEBA-CD9C4529EFE7}.Debug|Any CPU.ActiveCfg = Debug|Any CPU
		{4388109A-2D11-4D3B-AEBA-CD9C4529EFE7}.Debug|Any CPU.Build.0 = Debug|Any CPU
		{4388109A-2D11-4D3B-AEBA-CD9C4529EFE7}.Release|Any CPU.ActiveCfg = Release|Any CPU
		{4388109A-2D11-4D3B-AEBA-CD9C4529EFE7}.Release|Any CPU.Build.0 = Release|Any CPU
	EndGlobalSection
	GlobalSection(SolutionProperties) = preSolution
		HideSolutionNode = FALSE
	EndGlobalSection
	GlobalSection(NestedProjects) = preSolution
		{2B7E645C-AB17-4611-8870-A4A342C74FB1} = {E037C025-EC0F-40E8-A1AC-8495A55ABB3C}
		{05B34007-679C-4421-B993-1C8ACC24F06E} = {E037C025-EC0F-40E8-A1AC-8495A55ABB3C}
	EndGlobalSection
	GlobalSection(ExtensibilityGlobals) = postSolution
		SolutionGuid = {4ED897E5-4477-4BBE-A32F-50A7B6A0D8E4}
	EndGlobalSection
EndGlobal
