
Microsoft Visual Studio Solution File, Format Version 12.00
# Visual Studio Version 16
VisualStudioVersion = 16.0.30330.147
MinimumVisualStudioVersion = 10.0.40219.1
Project("{FAE04EC0-301F-11D3-BF4B-00C04F79EFBC}") = "NetworkProgramming", "NetworkProgramming\NetworkProgramming.csproj", "{A6BF2433-F96E-485C-8E87-C40DAA95A158}"
EndProject
Project("{FAE04EC0-301F-11D3-BF4B-00C04F79EFBC}") = "01_ServerTest", "01_ServerTest\01_ServerTest.csproj", "{A4F4F63C-42B3-4DC0-8928-D71831058220}"
EndProject
Project("{FAE04EC0-301F-11D3-BF4B-00C04F79EFBC}") = "01_ClientTest", "01_ClientTest\01_ClientTest.csproj", "{5D4735DF-75F6-45DD-BC09-4DC3FF55F43D}"
EndProject
Project("{2150E333-8FDC-42A3-9474-1A3956D46DE8}") = "AsyncSockets", "AsyncSockets", "{E037C025-EC0F-40E8-A1AC-8495A55ABB3C}"
EndProject
Project("{FAE04EC0-301F-11D3-BF4B-00C04F79EFBC}") = "02_AsyncServer", "02_AsyncServer\02_AsyncServer.csproj", "{2B7E645C-AB17-4611-8870-A4A342C74FB1}"
EndProject
Project("{FAE04EC0-301F-11D3-BF4B-00C04F79EFBC}") = "02_AsyncClient", "02_AsyncClient\02_AsyncClient.csproj", "{05B34007-679C-4421-B993-1C8ACC24F06E}"
EndProject
Project("{FAE04EC0-301F-11D3-BF4B-00C04F79EFBC}") = "Helper", "Helper\Helper.csproj", "{4388109A-2D11-4D3B-AEBA-CD9C4529EFE7}"
EndProject
Project("{FAE04EC0-301F-11D3-BF4B-00C04F79EFBC}") = "03_TcpListener", "03_TcpListener\03_TcpListener.csproj", "{5D17CFD8-6713-4C60-B8B9-95768863ABC6}"
EndProject
Project("{FAE04EC0-301F-11D3-BF4B-00C04F79EFBC}") = "04_TcpClient", "04_TcpClient\04_TcpClient.csproj", "{AADB01E8-FECA-495D-99F2-827223FFB07C}"
EndProject
Project("{2150E333-8FDC-42A3-9474-1A3956D46DE8}") = "TransferCustomObj", "TransferCustomObj", "{5BBD8D9D-F065-43DB-B295-8C21DF735BE0}"
EndProject
Project("{FAE04EC0-301F-11D3-BF4B-00C04F79EFBC}") = "Server", "Server\Server.csproj", "{C40F3B90-B178-4972-9A4F-CEA0BFFEDB40}"
EndProject
Project("{FAE04EC0-301F-11D3-BF4B-00C04F79EFBC}") = "ClientDemo", "ClientDemo\ClientDemo.csproj", "{0F76DB3D-ECC9-43A8-9E12-BAF34E4D559D}"
EndProject
Project("{FAE04EC0-301F-11D3-BF4B-00C04F79EFBC}") = "DB", "DB\DB.csproj", "{98AD3318-9CB0-4778-B1C0-ED5EA18635F2}"
EndProject
Project("{FAE04EC0-301F-11D3-BF4B-00C04F79EFBC}") = "UDP_Server", "UDP_Server\UDP_Server.csproj", "{18C4120F-5060-411E-A754-57EC03CD3921}"
EndProject
Project("{FAE04EC0-301F-11D3-BF4B-00C04F79EFBC}") = "UDP_Client", "UDP_Client\UDP_Client.csproj", "{02CCD5FB-FA22-4714-AC8D-99E5B0858BC8}"
EndProject
Project("{FAE04EC0-301F-11D3-BF4B-00C04F79EFBC}") = "Udp_filetransfer", "Udp_filetransfer\Udp_filetransfer.csproj", "{79175627-13A9-445E-A4F2-A4C5FD863CE0}"
EndProject
Project("{FAE04EC0-301F-11D3-BF4B-00C04F79EFBC}") = "Udp_filetransfer_Client", "Udp_filetransfer_Client\Udp_filetransfer_Client.csproj", "{CE909BC4-0CA1-461B-98C9-F7F768CEA8BD}"
EndProject
Project("{FAE04EC0-301F-11D3-BF4B-00C04F79EFBC}") = "Mail", "Mail\Mail.csproj", "{53CF4797-8373-49F9-A91C-8C7CDC0568B8}"
EndProject
Project("{FAE04EC0-301F-11D3-BF4B-00C04F79EFBC}") = "HTTP", "HTTP\HTTP.csproj", "{FCEFE9FB-01E7-46E1-9057-4F23402AAB0A}"
EndProject
Project("{FAE04EC0-301F-11D3-BF4B-00C04F79EFBC}") = "FTP", "FTP\FTP.csproj", "{8DEA94C7-DA38-4B87-A518-A528B8677E85}"
EndProject
Global
	GlobalSection(SolutionConfigurationPlatforms) = preSolution
		Debug|Any CPU = Debug|Any CPU
		Release|Any CPU = Release|Any CPU
	EndGlobalSection
	GlobalSection(ProjectConfigurationPlatforms) = postSolution
		{A6BF2433-F96E-485C-8E87-C40DAA95A158}.Debug|Any CPU.ActiveCfg = Debug|Any CPU
		{A6BF2433-F96E-485C-8E87-C40DAA95A158}.Debug|Any CPU.Build.0 = Debug|Any CPU
		{A6BF2433-F96E-485C-8E87-C40DAA95A158}.Release|Any CPU.ActiveCfg = Release|Any CPU
		{A6BF2433-F96E-485C-8E87-C40DAA95A158}.Release|Any CPU.Build.0 = Release|Any CPU
		{A4F4F63C-42B3-4DC0-8928-D71831058220}.Debug|Any CPU.ActiveCfg = Debug|Any CPU
		{A4F4F63C-42B3-4DC0-8928-D71831058220}.Debug|Any CPU.Build.0 = Debug|Any CPU
		{A4F4F63C-42B3-4DC0-8928-D71831058220}.Release|Any CPU.ActiveCfg = Release|Any CPU
		{A4F4F63C-42B3-4DC0-8928-D71831058220}.Release|Any CPU.Build.0 = Release|Any CPU
		{5D4735DF-75F6-45DD-BC09-4DC3FF55F43D}.Debug|Any CPU.ActiveCfg = Debug|Any CPU
		{5D4735DF-75F6-45DD-BC09-4DC3FF55F43D}.Debug|Any CPU.Build.0 = Debug|Any CPU
		{5D4735DF-75F6-45DD-BC09-4DC3FF55F43D}.Release|Any CPU.ActiveCfg = Release|Any CPU
		{5D4735DF-75F6-45DD-BC09-4DC3FF55F43D}.Release|Any CPU.Build.0 = Release|Any CPU
		{2B7E645C-AB17-4611-8870-A4A342C74FB1}.Debug|Any CPU.ActiveCfg = Debug|Any CPU
		{2B7E645C-AB17-4611-8870-A4A342C74FB1}.Debug|Any CPU.Build.0 = Debug|Any CPU
		{2B7E645C-AB17-4611-8870-A4A342C74FB1}.Release|Any CPU.ActiveCfg = Release|Any CPU
		{2B7E645C-AB17-4611-8870-A4A342C74FB1}.Release|Any CPU.Build.0 = Release|Any CPU
		{05B34007-679C-4421-B993-1C8ACC24F06E}.Debug|Any CPU.ActiveCfg = Debug|Any CPU
		{05B34007-679C-4421-B993-1C8ACC24F06E}.Debug|Any CPU.Build.0 = Debug|Any CPU
		{05B34007-679C-4421-B993-1C8ACC24F06E}.Release|Any CPU.ActiveCfg = Release|Any CPU
		{05B34007-679C-4421-B993-1C8ACC24F06E}.Release|Any CPU.Build.0 = Release|Any CPU
		{4388109A-2D11-4D3B-AEBA-CD9C4529EFE7}.Debug|Any CPU.ActiveCfg = Debug|Any CPU
		{4388109A-2D11-4D3B-AEBA-CD9C4529EFE7}.Debug|Any CPU.Build.0 = Debug|Any CPU
		{4388109A-2D11-4D3B-AEBA-CD9C4529EFE7}.Release|Any CPU.ActiveCfg = Release|Any CPU
		{4388109A-2D11-4D3B-AEBA-CD9C4529EFE7}.Release|Any CPU.Build.0 = Release|Any CPU
		{5D17CFD8-6713-4C60-B8B9-95768863ABC6}.Debug|Any CPU.ActiveCfg = Debug|Any CPU
		{5D17CFD8-6713-4C60-B8B9-95768863ABC6}.Debug|Any CPU.Build.0 = Debug|Any CPU
		{5D17CFD8-6713-4C60-B8B9-95768863ABC6}.Release|Any CPU.ActiveCfg = Release|Any CPU
		{5D17CFD8-6713-4C60-B8B9-95768863ABC6}.Release|Any CPU.Build.0 = Release|Any CPU
		{AADB01E8-FECA-495D-99F2-827223FFB07C}.Debug|Any CPU.ActiveCfg = Debug|Any CPU
		{AADB01E8-FECA-495D-99F2-827223FFB07C}.Debug|Any CPU.Build.0 = Debug|Any CPU
		{AADB01E8-FECA-495D-99F2-827223FFB07C}.Release|Any CPU.ActiveCfg = Release|Any CPU
		{AADB01E8-FECA-495D-99F2-827223FFB07C}.Release|Any CPU.Build.0 = Release|Any CPU
		{C40F3B90-B178-4972-9A4F-CEA0BFFEDB40}.Debug|Any CPU.ActiveCfg = Debug|Any CPU
		{C40F3B90-B178-4972-9A4F-CEA0BFFEDB40}.Debug|Any CPU.Build.0 = Debug|Any CPU
		{C40F3B90-B178-4972-9A4F-CEA0BFFEDB40}.Release|Any CPU.ActiveCfg = Release|Any CPU
		{C40F3B90-B178-4972-9A4F-CEA0BFFEDB40}.Release|Any CPU.Build.0 = Release|Any CPU
		{0F76DB3D-ECC9-43A8-9E12-BAF34E4D559D}.Debug|Any CPU.ActiveCfg = Debug|Any CPU
		{0F76DB3D-ECC9-43A8-9E12-BAF34E4D559D}.Debug|Any CPU.Build.0 = Debug|Any CPU
		{0F76DB3D-ECC9-43A8-9E12-BAF34E4D559D}.Release|Any CPU.ActiveCfg = Release|Any CPU
		{0F76DB3D-ECC9-43A8-9E12-BAF34E4D559D}.Release|Any CPU.Build.0 = Release|Any CPU
		{98AD3318-9CB0-4778-B1C0-ED5EA18635F2}.Debug|Any CPU.ActiveCfg = Debug|Any CPU
		{98AD3318-9CB0-4778-B1C0-ED5EA18635F2}.Debug|Any CPU.Build.0 = Debug|Any CPU
		{98AD3318-9CB0-4778-B1C0-ED5EA18635F2}.Release|Any CPU.ActiveCfg = Release|Any CPU
		{98AD3318-9CB0-4778-B1C0-ED5EA18635F2}.Release|Any CPU.Build.0 = Release|Any CPU
		{18C4120F-5060-411E-A754-57EC03CD3921}.Debug|Any CPU.ActiveCfg = Debug|Any CPU
		{18C4120F-5060-411E-A754-57EC03CD3921}.Debug|Any CPU.Build.0 = Debug|Any CPU
		{18C4120F-5060-411E-A754-57EC03CD3921}.Release|Any CPU.ActiveCfg = Release|Any CPU
		{18C4120F-5060-411E-A754-57EC03CD3921}.Release|Any CPU.Build.0 = Release|Any CPU
		{02CCD5FB-FA22-4714-AC8D-99E5B0858BC8}.Debug|Any CPU.ActiveCfg = Debug|Any CPU
		{02CCD5FB-FA22-4714-AC8D-99E5B0858BC8}.Debug|Any CPU.Build.0 = Debug|Any CPU
		{02CCD5FB-FA22-4714-AC8D-99E5B0858BC8}.Release|Any CPU.ActiveCfg = Release|Any CPU
		{02CCD5FB-FA22-4714-AC8D-99E5B0858BC8}.Release|Any CPU.Build.0 = Release|Any CPU
		{79175627-13A9-445E-A4F2-A4C5FD863CE0}.Debug|Any CPU.ActiveCfg = Debug|Any CPU
		{79175627-13A9-445E-A4F2-A4C5FD863CE0}.Debug|Any CPU.Build.0 = Debug|Any CPU
		{79175627-13A9-445E-A4F2-A4C5FD863CE0}.Release|Any CPU.ActiveCfg = Release|Any CPU
		{79175627-13A9-445E-A4F2-A4C5FD863CE0}.Release|Any CPU.Build.0 = Release|Any CPU
		{CE909BC4-0CA1-461B-98C9-F7F768CEA8BD}.Debug|Any CPU.ActiveCfg = Debug|Any CPU
		{CE909BC4-0CA1-461B-98C9-F7F768CEA8BD}.Debug|Any CPU.Build.0 = Debug|Any CPU
		{CE909BC4-0CA1-461B-98C9-F7F768CEA8BD}.Release|Any CPU.ActiveCfg = Release|Any CPU
		{CE909BC4-0CA1-461B-98C9-F7F768CEA8BD}.Release|Any CPU.Build.0 = Release|Any CPU
		{53CF4797-8373-49F9-A91C-8C7CDC0568B8}.Debug|Any CPU.ActiveCfg = Debug|Any CPU
		{53CF4797-8373-49F9-A91C-8C7CDC0568B8}.Debug|Any CPU.Build.0 = Debug|Any CPU
		{53CF4797-8373-49F9-A91C-8C7CDC0568B8}.Release|Any CPU.ActiveCfg = Release|Any CPU
		{53CF4797-8373-49F9-A91C-8C7CDC0568B8}.Release|Any CPU.Build.0 = Release|Any CPU
		{FCEFE9FB-01E7-46E1-9057-4F23402AAB0A}.Debug|Any CPU.ActiveCfg = Debug|Any CPU
		{FCEFE9FB-01E7-46E1-9057-4F23402AAB0A}.Debug|Any CPU.Build.0 = Debug|Any CPU
		{FCEFE9FB-01E7-46E1-9057-4F23402AAB0A}.Release|Any CPU.ActiveCfg = Release|Any CPU
		{FCEFE9FB-01E7-46E1-9057-4F23402AAB0A}.Release|Any CPU.Build.0 = Release|Any CPU
		{8DEA94C7-DA38-4B87-A518-A528B8677E85}.Debug|Any CPU.ActiveCfg = Debug|Any CPU
		{8DEA94C7-DA38-4B87-A518-A528B8677E85}.Debug|Any CPU.Build.0 = Debug|Any CPU
		{8DEA94C7-DA38-4B87-A518-A528B8677E85}.Release|Any CPU.ActiveCfg = Release|Any CPU
		{8DEA94C7-DA38-4B87-A518-A528B8677E85}.Release|Any CPU.Build.0 = Release|Any CPU
	EndGlobalSection
	GlobalSection(SolutionProperties) = preSolution
		HideSolutionNode = FALSE
	EndGlobalSection
	GlobalSection(NestedProjects) = preSolution
		{2B7E645C-AB17-4611-8870-A4A342C74FB1} = {E037C025-EC0F-40E8-A1AC-8495A55ABB3C}
		{05B34007-679C-4421-B993-1C8ACC24F06E} = {E037C025-EC0F-40E8-A1AC-8495A55ABB3C}
		{C40F3B90-B178-4972-9A4F-CEA0BFFEDB40} = {5BBD8D9D-F065-43DB-B295-8C21DF735BE0}
		{0F76DB3D-ECC9-43A8-9E12-BAF34E4D559D} = {5BBD8D9D-F065-43DB-B295-8C21DF735BE0}
		{98AD3318-9CB0-4778-B1C0-ED5EA18635F2} = {5BBD8D9D-F065-43DB-B295-8C21DF735BE0}
	EndGlobalSection
	GlobalSection(ExtensibilityGlobals) = postSolution
		SolutionGuid = {4ED897E5-4477-4BBE-A32F-50A7B6A0D8E4}
	EndGlobalSection
EndGlobal
